
Microsoft Visual Studio Solution File, Format Version 12.00
# Visual Studio Version 17
VisualStudioVersion = 17.5.33502.453
MinimumVisualStudioVersion = 10.0.40219.1
Project("{FAE04EC0-301F-11D3-BF4B-00C04F79EFBC}") = "Bai2.4-cricle", "Bai2.4-cricle\Bai2.4-cricle.csproj", "{346E5128-F384-429F-B130-70C933EE424C}"
EndProject
Global
	GlobalSection(SolutionConfigurationPlatforms) = preSolution
		Debug|Any CPU = Debug|Any CPU
		Release|Any CPU = Release|Any CPU
	EndGlobalSection
	GlobalSection(ProjectConfigurationPlatforms) = postSolution
		{346E5128-F384-429F-B130-70C933EE424C}.Debug|Any CPU.ActiveCfg = Debug|Any CPU
		{346E5128-F384-429F-B130-70C933EE424C}.Debug|Any CPU.Build.0 = Debug|Any CPU
		{346E5128-F384-429F-B130-70C933EE424C}.Release|Any CPU.ActiveCfg = Release|Any CPU
		{346E5128-F384-429F-B130-70C933EE424C}.Release|Any CPU.Build.0 = Release|Any CPU
	EndGlobalSection
	GlobalSection(SolutionProperties) = preSolution
		HideSolutionNode = FALSE
	EndGlobalSection
	GlobalSection(ExtensibilityGlobals) = postSolution
		SolutionGuid = {8701BAB7-0C92-4943-86EA-40337ED81730}
	EndGlobalSection
EndGlobal
