
Microsoft Visual Studio Solution File, Format Version 12.00
# Visual Studio Version 17
VisualStudioVersion = 17.5.33502.453
MinimumVisualStudioVersion = 10.0.40219.1
Project("{FAE04EC0-301F-11D3-BF4B-00C04F79EFBC}") = "Bai2,2-phanso", "Bai2,2-phanso\Bai2,2-phanso.csproj", "{F979081C-4B72-48CB-BE5E-1EB102648978}"
EndProject
Global
	GlobalSection(SolutionConfigurationPlatforms) = preSolution
		Debug|Any CPU = Debug|Any CPU
		Release|Any CPU = Release|Any CPU
	EndGlobalSection
	GlobalSection(ProjectConfigurationPlatforms) = postSolution
		{F979081C-4B72-48CB-BE5E-1EB102648978}.Debug|Any CPU.ActiveCfg = Debug|Any CPU
		{F979081C-4B72-48CB-BE5E-1EB102648978}.Debug|Any CPU.Build.0 = Debug|Any CPU
		{F979081C-4B72-48CB-BE5E-1EB102648978}.Release|Any CPU.ActiveCfg = Release|Any CPU
		{F979081C-4B72-48CB-BE5E-1EB102648978}.Release|Any CPU.Build.0 = Release|Any CPU
	EndGlobalSection
	GlobalSection(SolutionProperties) = preSolution
		HideSolutionNode = FALSE
	EndGlobalSection
	GlobalSection(ExtensibilityGlobals) = postSolution
		SolutionGuid = {D8C0CD8F-2D0A-4F15-A401-45858906A9AB}
	EndGlobalSection
EndGlobal
